
Microsoft Visual Studio Solution File, Format Version 12.00
# Visual Studio 15
VisualStudioVersion = 15.0.28307.136
MinimumVisualStudioVersion = 10.0.40219.1
Project("{FAE04EC0-301F-11D3-BF4B-00C04F79EFBC}") = "Luke1", "Luke1\Luke1.csproj", "{51A43D66-CF9A-4584-BE53-415707B153F4}"
EndProject
Project("{FAE04EC0-301F-11D3-BF4B-00C04F79EFBC}") = "Luke2", "Luke2\Luke2.csproj", "{A1A96671-FEAD-46E1-B40B-6A2AAE865FFB}"
EndProject
Global
	GlobalSection(SolutionConfigurationPlatforms) = preSolution
		Debug|Any CPU = Debug|Any CPU
		Release|Any CPU = Release|Any CPU
	EndGlobalSection
	GlobalSection(ProjectConfigurationPlatforms) = postSolution
		{51A43D66-CF9A-4584-BE53-415707B153F4}.Debug|Any CPU.ActiveCfg = Debug|Any CPU
		{51A43D66-CF9A-4584-BE53-415707B153F4}.Debug|Any CPU.Build.0 = Debug|Any CPU
		{51A43D66-CF9A-4584-BE53-415707B153F4}.Release|Any CPU.ActiveCfg = Release|Any CPU
		{51A43D66-CF9A-4584-BE53-415707B153F4}.Release|Any CPU.Build.0 = Release|Any CPU
		{A1A96671-FEAD-46E1-B40B-6A2AAE865FFB}.Debug|Any CPU.ActiveCfg = Debug|Any CPU
		{A1A96671-FEAD-46E1-B40B-6A2AAE865FFB}.Debug|Any CPU.Build.0 = Debug|Any CPU
		{A1A96671-FEAD-46E1-B40B-6A2AAE865FFB}.Release|Any CPU.ActiveCfg = Release|Any CPU
		{A1A96671-FEAD-46E1-B40B-6A2AAE865FFB}.Release|Any CPU.Build.0 = Release|Any CPU
	EndGlobalSection
	GlobalSection(SolutionProperties) = preSolution
		HideSolutionNode = FALSE
	EndGlobalSection
	GlobalSection(ExtensibilityGlobals) = postSolution
		SolutionGuid = {E16B42A6-F6D0-41B1-8DF2-31C17896D665}
	EndGlobalSection
EndGlobal
